
Microsoft Visual Studio Solution File, Format Version 12.00
# Visual Studio Version 16
VisualStudioVersion = 16.0.29306.81
MinimumVisualStudioVersion = 10.0.40219.1
Project("{FAE04EC0-301F-11D3-BF4B-00C04F79EFBC}") = "Generics", "Generics\Generics.csproj", "{68D1F352-DF33-4AB6-973E-4C5BE95AD86E}"
EndProject
Project("{FAE04EC0-301F-11D3-BF4B-00C04F79EFBC}") = "Delegates", "Delegates\Delegates.csproj", "{25EF89AD-CD4B-4375-88F1-40AAA706F163}"
EndProject
Project("{FAE04EC0-301F-11D3-BF4B-00C04F79EFBC}") = "LambdaExpressions", "LambdaExpressions\LambdaExpressions.csproj", "{A1A37E8E-199A-443A-AB50-4936DBAE8F89}"
EndProject
Project("{FAE04EC0-301F-11D3-BF4B-00C04F79EFBC}") = "EventsAndDelegates", "EventsAndDelegates\EventsAndDelegates.csproj", "{EAC7F7BE-4DC3-4091-9CB1-62C75B91A1D3}"
EndProject
Project("{FAE04EC0-301F-11D3-BF4B-00C04F79EFBC}") = "ExtensionMethods", "ExtensionMethods\ExtensionMethods.csproj", "{83ACB2DD-9118-453C-BFD8-404CE86ECB75}"
EndProject
Global
	GlobalSection(SolutionConfigurationPlatforms) = preSolution
		Debug|Any CPU = Debug|Any CPU
		Release|Any CPU = Release|Any CPU
	EndGlobalSection
	GlobalSection(ProjectConfigurationPlatforms) = postSolution
		{68D1F352-DF33-4AB6-973E-4C5BE95AD86E}.Debug|Any CPU.ActiveCfg = Debug|Any CPU
		{68D1F352-DF33-4AB6-973E-4C5BE95AD86E}.Debug|Any CPU.Build.0 = Debug|Any CPU
		{68D1F352-DF33-4AB6-973E-4C5BE95AD86E}.Release|Any CPU.ActiveCfg = Release|Any CPU
		{68D1F352-DF33-4AB6-973E-4C5BE95AD86E}.Release|Any CPU.Build.0 = Release|Any CPU
		{25EF89AD-CD4B-4375-88F1-40AAA706F163}.Debug|Any CPU.ActiveCfg = Debug|Any CPU
		{25EF89AD-CD4B-4375-88F1-40AAA706F163}.Debug|Any CPU.Build.0 = Debug|Any CPU
		{25EF89AD-CD4B-4375-88F1-40AAA706F163}.Release|Any CPU.ActiveCfg = Release|Any CPU
		{25EF89AD-CD4B-4375-88F1-40AAA706F163}.Release|Any CPU.Build.0 = Release|Any CPU
		{A1A37E8E-199A-443A-AB50-4936DBAE8F89}.Debug|Any CPU.ActiveCfg = Debug|Any CPU
		{A1A37E8E-199A-443A-AB50-4936DBAE8F89}.Debug|Any CPU.Build.0 = Debug|Any CPU
		{A1A37E8E-199A-443A-AB50-4936DBAE8F89}.Release|Any CPU.ActiveCfg = Release|Any CPU
		{A1A37E8E-199A-443A-AB50-4936DBAE8F89}.Release|Any CPU.Build.0 = Release|Any CPU
		{EAC7F7BE-4DC3-4091-9CB1-62C75B91A1D3}.Debug|Any CPU.ActiveCfg = Debug|Any CPU
		{EAC7F7BE-4DC3-4091-9CB1-62C75B91A1D3}.Debug|Any CPU.Build.0 = Debug|Any CPU
		{EAC7F7BE-4DC3-4091-9CB1-62C75B91A1D3}.Release|Any CPU.ActiveCfg = Release|Any CPU
		{EAC7F7BE-4DC3-4091-9CB1-62C75B91A1D3}.Release|Any CPU.Build.0 = Release|Any CPU
		{83ACB2DD-9118-453C-BFD8-404CE86ECB75}.Debug|Any CPU.ActiveCfg = Debug|Any CPU
		{83ACB2DD-9118-453C-BFD8-404CE86ECB75}.Debug|Any CPU.Build.0 = Debug|Any CPU
		{83ACB2DD-9118-453C-BFD8-404CE86ECB75}.Release|Any CPU.ActiveCfg = Release|Any CPU
		{83ACB2DD-9118-453C-BFD8-404CE86ECB75}.Release|Any CPU.Build.0 = Release|Any CPU
	EndGlobalSection
	GlobalSection(SolutionProperties) = preSolution
		HideSolutionNode = FALSE
	EndGlobalSection
	GlobalSection(ExtensibilityGlobals) = postSolution
		SolutionGuid = {F48E997C-D571-4267-8291-A3AD47D54535}
	EndGlobalSection
EndGlobal
